
Microsoft Visual Studio Solution File, Format Version 12.00
# Visual Studio Version 17
VisualStudioVersion = 17.6.33417.168
MinimumVisualStudioVersion = 10.0.40219.1
Project("{FAE04EC0-301F-11D3-BF4B-00C04F79EFBC}") = "Editor", "Editor\Editor.csproj", "{6FBA1CC2-A8F6-4208-A9C1-20267A0BD4CB}"
	ProjectSection(ProjectDependencies) = postProject
		{4EF8828C-3E96-4D45-A02A-90AC9F1B678A} = {4EF8828C-3E96-4D45-A02A-90AC9F1B678A}
		{79C4D465-2DA8-45D3-81C7-443E210918AC} = {79C4D465-2DA8-45D3-81C7-443E210918AC}
		{A5EEA8D3-190D-4C71-9EA7-B7E3D96BBB0E} = {A5EEA8D3-190D-4C71-9EA7-B7E3D96BBB0E}
	EndProjectSection
EndProject
Project("{FAE04EC0-301F-11D3-BF4B-00C04F79EFBC}") = "SqlCeDatabase", "SqlCeDatabase\SqlCeDatabase.csproj", "{FEA11D5F-8C5D-4E8A-AD82-579312F47F05}"
EndProject
Project("{FAE04EC0-301F-11D3-BF4B-00C04F79EFBC}") = "SqlCeDatabase35", "SqlCeDatabase35\SqlCeDatabase35.csproj", "{4EF8828C-3E96-4D45-A02A-90AC9F1B678A}"
EndProject
Project("{FAE04EC0-301F-11D3-BF4B-00C04F79EFBC}") = "SqlCeDatabase40", "SqlCeDatabase40\SqlCeDatabase40.csproj", "{A5EEA8D3-190D-4C71-9EA7-B7E3D96BBB0E}"
EndProject
Project("{FAE04EC0-301F-11D3-BF4B-00C04F79EFBC}") = "SqlCeDatabase31", "SqlCeDatabase31\SqlCeDatabase31.csproj", "{79C4D465-2DA8-45D3-81C7-443E210918AC}"
EndProject
Global
	GlobalSection(SolutionConfigurationPlatforms) = preSolution
		Debug|x64 = Debug|x64
		Debug|x86 = Debug|x86
		Release|x64 = Release|x64
		Release|x86 = Release|x86
	EndGlobalSection
	GlobalSection(ProjectConfigurationPlatforms) = postSolution
		{6FBA1CC2-A8F6-4208-A9C1-20267A0BD4CB}.Debug|x64.ActiveCfg = Debug|x64
		{6FBA1CC2-A8F6-4208-A9C1-20267A0BD4CB}.Debug|x64.Build.0 = Debug|x64
		{6FBA1CC2-A8F6-4208-A9C1-20267A0BD4CB}.Debug|x86.ActiveCfg = Debug|x86
		{6FBA1CC2-A8F6-4208-A9C1-20267A0BD4CB}.Debug|x86.Build.0 = Debug|x86
		{6FBA1CC2-A8F6-4208-A9C1-20267A0BD4CB}.Release|x64.ActiveCfg = Release|x64
		{6FBA1CC2-A8F6-4208-A9C1-20267A0BD4CB}.Release|x64.Build.0 = Release|x64
		{6FBA1CC2-A8F6-4208-A9C1-20267A0BD4CB}.Release|x86.ActiveCfg = Release|x86
		{6FBA1CC2-A8F6-4208-A9C1-20267A0BD4CB}.Release|x86.Build.0 = Release|x86
		{FEA11D5F-8C5D-4E8A-AD82-579312F47F05}.Debug|x64.ActiveCfg = Debug|x64
		{FEA11D5F-8C5D-4E8A-AD82-579312F47F05}.Debug|x64.Build.0 = Debug|x64
		{FEA11D5F-8C5D-4E8A-AD82-579312F47F05}.Debug|x86.ActiveCfg = Debug|x86
		{FEA11D5F-8C5D-4E8A-AD82-579312F47F05}.Debug|x86.Build.0 = Debug|x86
		{FEA11D5F-8C5D-4E8A-AD82-579312F47F05}.Release|x64.ActiveCfg = Release|x64
		{FEA11D5F-8C5D-4E8A-AD82-579312F47F05}.Release|x64.Build.0 = Release|x64
		{FEA11D5F-8C5D-4E8A-AD82-579312F47F05}.Release|x86.ActiveCfg = Release|x86
		{FEA11D5F-8C5D-4E8A-AD82-579312F47F05}.Release|x86.Build.0 = Release|x86
		{4EF8828C-3E96-4D45-A02A-90AC9F1B678A}.Debug|x64.ActiveCfg = Debug|x64
		{4EF8828C-3E96-4D45-A02A-90AC9F1B678A}.Debug|x64.Build.0 = Debug|x64
		{4EF8828C-3E96-4D45-A02A-90AC9F1B678A}.Debug|x86.ActiveCfg = Debug|x86
		{4EF8828C-3E96-4D45-A02A-90AC9F1B678A}.Debug|x86.Build.0 = Debug|x86
		{4EF8828C-3E96-4D45-A02A-90AC9F1B678A}.Release|x64.ActiveCfg = Release|x64
		{4EF8828C-3E96-4D45-A02A-90AC9F1B678A}.Release|x64.Build.0 = Release|x64
		{4EF8828C-3E96-4D45-A02A-90AC9F1B678A}.Release|x86.ActiveCfg = Release|x86
		{4EF8828C-3E96-4D45-A02A-90AC9F1B678A}.Release|x86.Build.0 = Release|x86
		{A5EEA8D3-190D-4C71-9EA7-B7E3D96BBB0E}.Debug|x64.ActiveCfg = Debug|x64
		{A5EEA8D3-190D-4C71-9EA7-B7E3D96BBB0E}.Debug|x64.Build.0 = Debug|x64
		{A5EEA8D3-190D-4C71-9EA7-B7E3D96BBB0E}.Debug|x86.ActiveCfg = Debug|x86
		{A5EEA8D3-190D-4C71-9EA7-B7E3D96BBB0E}.Debug|x86.Build.0 = Debug|x86
		{A5EEA8D3-190D-4C71-9EA7-B7E3D96BBB0E}.Release|x64.ActiveCfg = Release|x64
		{A5EEA8D3-190D-4C71-9EA7-B7E3D96BBB0E}.Release|x64.Build.0 = Release|x64
		{A5EEA8D3-190D-4C71-9EA7-B7E3D96BBB0E}.Release|x86.ActiveCfg = Release|x86
		{A5EEA8D3-190D-4C71-9EA7-B7E3D96BBB0E}.Release|x86.Build.0 = Release|x86
		{79C4D465-2DA8-45D3-81C7-443E210918AC}.Debug|x64.ActiveCfg = Debug|x64
		{79C4D465-2DA8-45D3-81C7-443E210918AC}.Debug|x64.Build.0 = Debug|x64
		{79C4D465-2DA8-45D3-81C7-443E210918AC}.Debug|x86.ActiveCfg = Debug|x86
		{79C4D465-2DA8-45D3-81C7-443E210918AC}.Debug|x86.Build.0 = Debug|x86
		{79C4D465-2DA8-45D3-81C7-443E210918AC}.Release|x64.ActiveCfg = Release|x64
		{79C4D465-2DA8-45D3-81C7-443E210918AC}.Release|x64.Build.0 = Release|x64
		{79C4D465-2DA8-45D3-81C7-443E210918AC}.Release|x86.ActiveCfg = Release|x86
		{79C4D465-2DA8-45D3-81C7-443E210918AC}.Release|x86.Build.0 = Release|x86
	EndGlobalSection
	GlobalSection(SolutionProperties) = preSolution
		HideSolutionNode = FALSE
	EndGlobalSection
	GlobalSection(ExtensibilityGlobals) = postSolution
		SolutionGuid = {13988C16-9821-4CEA-AA77-45C3A9235565}
	EndGlobalSection
EndGlobal
